# THIS IS AN AUTOGENERATED FILE. DO NOT EDIT THIS FILE DIRECTLY.
# yarn lockfile v1


jgrowl@^1.4:
  version "1.5.1"
  resolved "https://registry.yarnpkg.com/jgrowl/-/jgrowl-1.5.1.tgz#c79dbec596037cb888334a066846d0b95af7bfdc"
  integrity sha512-28zTQFL7XBMn0kmdzwBEFpyGcpGcseVH/3DUTJwSWW4rad7LvdDU15K1DSvoz+pyMobW88CKUywLPM6rBbMqaw==
